
Microsoft Visual Studio Solution File, Format Version 12.00
# Visual Studio Version 16
VisualStudioVersion = 16.0.31105.61
MinimumVisualStudioVersion = 10.0.40219.1
Project("{FAE04EC0-301F-11D3-BF4B-00C04F79EFBC}") = "CSBasic5", "CSBasic5\CSBasic5.csproj", "{A02ACCF6-EB3B-448A-894B-1028EF6629B9}"
EndProject
Global
	GlobalSection(SolutionConfigurationPlatforms) = preSolution
		Debug|Any CPU = Debug|Any CPU
		Release|Any CPU = Release|Any CPU
	EndGlobalSection
	GlobalSection(ProjectConfigurationPlatforms) = postSolution
		{A02ACCF6-EB3B-448A-894B-1028EF6629B9}.Debug|Any CPU.ActiveCfg = Debug|Any CPU
		{A02ACCF6-EB3B-448A-894B-1028EF6629B9}.Debug|Any CPU.Build.0 = Debug|Any CPU
		{A02ACCF6-EB3B-448A-894B-1028EF6629B9}.Release|Any CPU.ActiveCfg = Release|Any CPU
		{A02ACCF6-EB3B-448A-894B-1028EF6629B9}.Release|Any CPU.Build.0 = Release|Any CPU
	EndGlobalSection
	GlobalSection(SolutionProperties) = preSolution
		HideSolutionNode = FALSE
	EndGlobalSection
	GlobalSection(ExtensibilityGlobals) = postSolution
		SolutionGuid = {9454005E-7C6B-4839-A948-FEC3004914F9}
	EndGlobalSection
EndGlobal
