
Microsoft Visual Studio Solution File, Format Version 12.00
# Visual Studio Version 16
VisualStudioVersion = 16.0.31105.61
MinimumVisualStudioVersion = 10.0.40219.1
Project("{FAE04EC0-301F-11D3-BF4B-00C04F79EFBC}") = "CSBasic4", "CSBasic4\CSBasic4.csproj", "{DA798205-DFE3-437C-ACE7-BAA24BD4EFDE}"
EndProject
Global
	GlobalSection(SolutionConfigurationPlatforms) = preSolution
		Debug|Any CPU = Debug|Any CPU
		Release|Any CPU = Release|Any CPU
	EndGlobalSection
	GlobalSection(ProjectConfigurationPlatforms) = postSolution
		{DA798205-DFE3-437C-ACE7-BAA24BD4EFDE}.Debug|Any CPU.ActiveCfg = Debug|Any CPU
		{DA798205-DFE3-437C-ACE7-BAA24BD4EFDE}.Debug|Any CPU.Build.0 = Debug|Any CPU
		{DA798205-DFE3-437C-ACE7-BAA24BD4EFDE}.Release|Any CPU.ActiveCfg = Release|Any CPU
		{DA798205-DFE3-437C-ACE7-BAA24BD4EFDE}.Release|Any CPU.Build.0 = Release|Any CPU
	EndGlobalSection
	GlobalSection(SolutionProperties) = preSolution
		HideSolutionNode = FALSE
	EndGlobalSection
	GlobalSection(ExtensibilityGlobals) = postSolution
		SolutionGuid = {42900D43-A03E-4DE3-849F-56F64B167066}
	EndGlobalSection
EndGlobal
