
Microsoft Visual Studio Solution File, Format Version 12.00
# Visual Studio Version 16
VisualStudioVersion = 16.0.31613.86
MinimumVisualStudioVersion = 10.0.40219.1
Project("{FAE04EC0-301F-11D3-BF4B-00C04F79EFBC}") = "CSBasic7-menu", "CSBasic7-menu\CSBasic7-menu.csproj", "{54813D03-5183-424E-9019-C41F30525EC4}"
EndProject
Global
	GlobalSection(SolutionConfigurationPlatforms) = preSolution
		Debug|Any CPU = Debug|Any CPU
		Release|Any CPU = Release|Any CPU
	EndGlobalSection
	GlobalSection(ProjectConfigurationPlatforms) = postSolution
		{54813D03-5183-424E-9019-C41F30525EC4}.Debug|Any CPU.ActiveCfg = Debug|Any CPU
		{54813D03-5183-424E-9019-C41F30525EC4}.Debug|Any CPU.Build.0 = Debug|Any CPU
		{54813D03-5183-424E-9019-C41F30525EC4}.Release|Any CPU.ActiveCfg = Release|Any CPU
		{54813D03-5183-424E-9019-C41F30525EC4}.Release|Any CPU.Build.0 = Release|Any CPU
	EndGlobalSection
	GlobalSection(SolutionProperties) = preSolution
		HideSolutionNode = FALSE
	EndGlobalSection
	GlobalSection(ExtensibilityGlobals) = postSolution
		SolutionGuid = {8ABE55EC-75F5-4393-96A0-A6E221119670}
	EndGlobalSection
EndGlobal
